# This file is automatically @generated by Poetry 1.5.4 and should not be changed by hand.

[[package]]
name = "docopt"
version = "0.6.2"
description = "Pythonic argument parser, that will make you smile"
optional = false
python-versions = "*"
files = [
    {file = "docopt-0.6.2.tar.gz", hash = "sha256:49b3a825280bd66b3aa83585ef59c4a8c82f2c8a522dbe754a8bc8d08c85c491"},
]

[[package]]
name = "num2words"
version = "0.5.13"
description = "Modules to convert numbers to words. Easily extensible."
optional = false
python-versions = "*"
files = [
    {file = "num2words-0.5.13-py3-none-any.whl", hash = "sha256:39e662c663f0a7e15415431ea68eb3dc711b49e3b776d93403e1da0a219ca4ee"},
    {file = "num2words-0.5.13.tar.gz", hash = "sha256:a3064716fbbf90d75c449450cebfbc73a6a13e63b2531d09bdecc3ab1a2209cf"},
]

[package.dependencies]
docopt = ">=0.6.2"

[[package]]
name = "six"
version = "1.16.0"
description = "Python 2 and 3 compatibility utilities"
optional = false
python-versions = ">=2.7, !=3.0.*, !=3.1.*, !=3.2.*"
files = [
    {file = "six-1.16.0-py2.py3-none-any.whl", hash = "sha256:8abb2f1d86890a2dfb989f9a77cfcfd3e47c2a354b01111771326f8aa26e0254"},
    {file = "six-1.16.0.tar.gz", hash = "sha256:1e61c37477a1626458e36f7b1d82aa5c9b094fa4802892072e49de9c60c4c926"},
]

[[package]]
name = "transliterate"
version = "1.10.2"
description = "Bi-directional transliterator for Python"
optional = false
python-versions = "*"
files = [
    {file = "transliterate-1.10.2-py2.py3-none-any.whl", hash = "sha256:010a5021bf6021689c4fade0985f3f7b3db1f2f16a48a09a56797f171c08ed42"},
    {file = "transliterate-1.10.2.tar.gz", hash = "sha256:bc608e0d48e687db9c2b1d7ea7c381afe0d1849cad216087d8e03d8d06a57c85"},
]

[package.dependencies]
six = ">=1.1.0"

[metadata]
lock-version = "2.0"
python-versions = ">=3.10.0,<3.12"
content-hash = "c103985a2afe52fdbe3030d291e647363c2195e14009db87a246013c9232b819"
